
Microsoft Visual Studio Solution File, Format Version 12.00
# Visual Studio 2013
VisualStudioVersion = 12.0.40629.0
MinimumVisualStudioVersion = 10.0.40219.1
Project("{FAE04EC0-301F-11D3-BF4B-00C04F79EFBC}") = "MMJMMDM", "MMJMMDM\MMJMMDM.csproj", "{ACBED373-9396-41FD-BDD0-078BB7E40FC0}"
EndProject
Project("{FAE04EC0-301F-11D3-BF4B-00C04F79EFBC}") = "MMJMMDM.Tests", "MMJMMDM.Tests\MMJMMDM.Tests.csproj", "{A8D8B5B1-14EB-4377-A061-463D5CFE827C}"
EndProject
Global
	GlobalSection(SolutionConfigurationPlatforms) = preSolution
		Debug|Any CPU = Debug|Any CPU
		Release|Any CPU = Release|Any CPU
	EndGlobalSection
	GlobalSection(ProjectConfigurationPlatforms) = postSolution
		{ACBED373-9396-41FD-BDD0-078BB7E40FC0}.Debug|Any CPU.ActiveCfg = Debug|Any CPU
		{ACBED373-9396-41FD-BDD0-078BB7E40FC0}.Debug|Any CPU.Build.0 = Debug|Any CPU
		{ACBED373-9396-41FD-BDD0-078BB7E40FC0}.Release|Any CPU.ActiveCfg = Release|Any CPU
		{ACBED373-9396-41FD-BDD0-078BB7E40FC0}.Release|Any CPU.Build.0 = Release|Any CPU
		{A8D8B5B1-14EB-4377-A061-463D5CFE827C}.Debug|Any CPU.ActiveCfg = Debug|Any CPU
		{A8D8B5B1-14EB-4377-A061-463D5CFE827C}.Debug|Any CPU.Build.0 = Debug|Any CPU
		{A8D8B5B1-14EB-4377-A061-463D5CFE827C}.Release|Any CPU.ActiveCfg = Release|Any CPU
		{A8D8B5B1-14EB-4377-A061-463D5CFE827C}.Release|Any CPU.Build.0 = Release|Any CPU
	EndGlobalSection
	GlobalSection(SolutionProperties) = preSolution
		HideSolutionNode = FALSE
	EndGlobalSection
EndGlobal
